
Microsoft Visual Studio Solution File, Format Version 11.00
# Visual Studio 2010
Project("{FAE04EC0-301F-11D3-BF4B-00C04F79EFBC}") = "AthenaLinux", "AthenaLinux\AthenaLinux.csproj", "{1008FF04-A9D9-4D15-A476-B2DB08250741}"
EndProject
Project("{FAE04EC0-301F-11D3-BF4B-00C04F79EFBC}") = "AthenaEngine", "AthenaEngine\AthenaEngine.csproj", "{28A80CFC-6F37-442D-A59E-A05D4D38F58E}"
EndProject
Global
	GlobalSection(SolutionConfigurationPlatforms) = preSolution
		Debug|x86 = Debug|x86
		Release|x86 = Release|x86
	EndGlobalSection
	GlobalSection(ProjectConfigurationPlatforms) = postSolution
		{1008FF04-A9D9-4D15-A476-B2DB08250741}.Debug|x86.ActiveCfg = Debug|x86
		{1008FF04-A9D9-4D15-A476-B2DB08250741}.Debug|x86.Build.0 = Debug|x86
		{1008FF04-A9D9-4D15-A476-B2DB08250741}.Release|x86.ActiveCfg = Release|x86
		{1008FF04-A9D9-4D15-A476-B2DB08250741}.Release|x86.Build.0 = Release|x86
		{28A80CFC-6F37-442D-A59E-A05D4D38F58E}.Debug|x86.ActiveCfg = Debug|Any CPU
		{28A80CFC-6F37-442D-A59E-A05D4D38F58E}.Debug|x86.Build.0 = Debug|Any CPU
		{28A80CFC-6F37-442D-A59E-A05D4D38F58E}.Release|x86.ActiveCfg = Release|Any CPU
		{28A80CFC-6F37-442D-A59E-A05D4D38F58E}.Release|x86.Build.0 = Release|Any CPU
	EndGlobalSection
	GlobalSection(MonoDevelopProperties) = preSolution
		StartupItem = AthenaLinux\AthenaLinux.csproj
	EndGlobalSection
EndGlobal
