
Microsoft Visual Studio Solution File, Format Version 12.00
# Visual Studio 2010
Project("{FAE04EC0-301F-11D3-BF4B-00C04F79EFBC}") = "FontTest", "FontTest\FontTest.csproj", "{9CE29296-7E21-437E-9D52-206577F79D60}"
EndProject
Project("{96E2B04D-8817-42C6-938A-82C39BA4D311}") = "Content1", "Content1\Content1.contentproj", "{8F9CD6EB-62CE-4832-90B8-8DAD2D9B0561}"
EndProject
Global
	GlobalSection(SolutionConfigurationPlatforms) = preSolution
		Debug|Any CPU = Debug|Any CPU
		Debug|x86 = Debug|x86
		Release|Any CPU = Release|Any CPU
		Release|x86 = Release|x86
	EndGlobalSection
	GlobalSection(ProjectConfigurationPlatforms) = postSolution
		{9CE29296-7E21-437E-9D52-206577F79D60}.Debug|Any CPU.ActiveCfg = Debug|x86
		{9CE29296-7E21-437E-9D52-206577F79D60}.Debug|x86.ActiveCfg = Debug|x86
		{9CE29296-7E21-437E-9D52-206577F79D60}.Debug|x86.Build.0 = Debug|x86
		{9CE29296-7E21-437E-9D52-206577F79D60}.Release|Any CPU.ActiveCfg = Release|x86
		{9CE29296-7E21-437E-9D52-206577F79D60}.Release|x86.ActiveCfg = Release|x86
		{9CE29296-7E21-437E-9D52-206577F79D60}.Release|x86.Build.0 = Release|x86
		{8F9CD6EB-62CE-4832-90B8-8DAD2D9B0561}.Debug|Any CPU.ActiveCfg = Debug|Any CPU
		{8F9CD6EB-62CE-4832-90B8-8DAD2D9B0561}.Debug|x86.ActiveCfg = Debug|Any CPU
		{8F9CD6EB-62CE-4832-90B8-8DAD2D9B0561}.Release|Any CPU.ActiveCfg = Debug|Any CPU
		{8F9CD6EB-62CE-4832-90B8-8DAD2D9B0561}.Release|x86.ActiveCfg = Debug|Any CPU
	EndGlobalSection
	GlobalSection(SolutionProperties) = preSolution
		HideSolutionNode = FALSE
	EndGlobalSection
EndGlobal
